
Microsoft Visual Studio Solution File, Format Version 12.00
# Visual Studio Version 16
VisualStudioVersion = 16.0.30804.86
MinimumVisualStudioVersion = 10.0.40219.1
Project("{FAE04EC0-301F-11D3-BF4B-00C04F79EFBC}") = "wifi_communication", "wifi_communication\wifi_communication.csproj", "{B00CB84E-BA51-4851-838D-B0C185C012C3}"
EndProject
Global
	GlobalSection(SolutionConfigurationPlatforms) = preSolution
		Debug|Any CPU = Debug|Any CPU
		Release|Any CPU = Release|Any CPU
	EndGlobalSection
	GlobalSection(ProjectConfigurationPlatforms) = postSolution
		{B00CB84E-BA51-4851-838D-B0C185C012C3}.Debug|Any CPU.ActiveCfg = Debug|Any CPU
		{B00CB84E-BA51-4851-838D-B0C185C012C3}.Debug|Any CPU.Build.0 = Debug|Any CPU
		{B00CB84E-BA51-4851-838D-B0C185C012C3}.Release|Any CPU.ActiveCfg = Release|Any CPU
		{B00CB84E-BA51-4851-838D-B0C185C012C3}.Release|Any CPU.Build.0 = Release|Any CPU
	EndGlobalSection
	GlobalSection(SolutionProperties) = preSolution
		HideSolutionNode = FALSE
	EndGlobalSection
	GlobalSection(ExtensibilityGlobals) = postSolution
		SolutionGuid = {488FA4F6-DD5A-4DC8-A9C9-CE8EAF9C7CB8}
	EndGlobalSection
EndGlobal
